// !$*UTF8*$!
{
	archiveVersion = 1;
	classes = {
	};
	objectVersion = 56;
	objects = {

/* Begin PBXBuildFile section */
		337310B429FD6EC500575567 /* ContentListVCTests.swift in Sources */ = {isa = PBXBuildFile; fileRef = 337310B129FD6EC500575567 /* ContentListVCTests.swift */; };
		337310B529FD6EC500575567 /* FavouriteListVCTests.swift in Sources */ = {isa = PBXBuildFile; fileRef = 337310B229FD6EC500575567 /* FavouriteListVCTests.swift */; };
		337310B629FD6EC500575567 /* ItemDetailVCTests.swift in Sources */ = {isa = PBXBuildFile; fileRef = 337310B329FD6EC500575567 /* ItemDetailVCTests.swift */; };
		337310BA29FD6ED700575567 /* NetworkManagerTests.swift in Sources */ = {isa = PBXBuildFile; fileRef = 337310B729FD6ED700575567 /* NetworkManagerTests.swift */; };
		337310BB29FD6ED700575567 /* FavouritesManagerTests.swift in Sources */ = {isa = PBXBuildFile; fileRef = 337310B829FD6ED700575567 /* FavouritesManagerTests.swift */; };
		337310BC29FD6ED700575567 /* ItemsManagerTests.swift in Sources */ = {isa = PBXBuildFile; fileRef = 337310B929FD6ED700575567 /* ItemsManagerTests.swift */; };
		337310BF29FD6EE300575567 /* PLAlertContainerViewTests.swift in Sources */ = {isa = PBXBuildFile; fileRef = 337310BD29FD6EE300575567 /* PLAlertContainerViewTests.swift */; };
		337310C029FD6EE300575567 /* PLAlertVCTests.swift in Sources */ = {isa = PBXBuildFile; fileRef = 337310BE29FD6EE300575567 /* PLAlertVCTests.swift */; };
		337310C629FD6EF200575567 /* PLArticleSubtitleLabelTests.swift in Sources */ = {isa = PBXBuildFile; fileRef = 337310C129FD6EF200575567 /* PLArticleSubtitleLabelTests.swift */; };
		337310C729FD6EF200575567 /* PLArticleBodyLabelTests.swift in Sources */ = {isa = PBXBuildFile; fileRef = 337310C229FD6EF200575567 /* PLArticleBodyLabelTests.swift */; };
		337310C829FD6EF200575567 /* PLArticleTitleLabelTests.swift in Sources */ = {isa = PBXBuildFile; fileRef = 337310C329FD6EF200575567 /* PLArticleTitleLabelTests.swift */; };
		337310C929FD6EF200575567 /* PLArticleDateLabelTests.swift in Sources */ = {isa = PBXBuildFile; fileRef = 337310C429FD6EF200575567 /* PLArticleDateLabelTests.swift */; };
		337310CA29FD6EF200575567 /* PLArticleIdLabelTests.swift in Sources */ = {isa = PBXBuildFile; fileRef = 337310C529FD6EF200575567 /* PLArticleIdLabelTests.swift */; };
		337310CF29FD6F0300575567 /* PLItemListCellTests.swift in Sources */ = {isa = PBXBuildFile; fileRef = 337310CB29FD6F0300575567 /* PLItemListCellTests.swift */; };
		337310D029FD6F0300575567 /* PLButtonTests.swift in Sources */ = {isa = PBXBuildFile; fileRef = 337310CC29FD6F0300575567 /* PLButtonTests.swift */; };
		337310D129FD6F0300575567 /* PLTabBarControllerTests.swift in Sources */ = {isa = PBXBuildFile; fileRef = 337310CD29FD6F0300575567 /* PLTabBarControllerTests.swift */; };
		337310D229FD6F0300575567 /* PLErrorsTests.swift in Sources */ = {isa = PBXBuildFile; fileRef = 337310CE29FD6F0300575567 /* PLErrorsTests.swift */; };
		3374B56E29FBCC0100B45B3B /* AppDelegate.swift in Sources */ = {isa = PBXBuildFile; fileRef = 3374B56D29FBCC0100B45B3B /* AppDelegate.swift */; };
		3374B57029FBCC0100B45B3B /* SceneDelegate.swift in Sources */ = {isa = PBXBuildFile; fileRef = 3374B56F29FBCC0100B45B3B /* SceneDelegate.swift */; };
		3374B57729FBCC0200B45B3B /* Assets.xcassets in Resources */ = {isa = PBXBuildFile; fileRef = 3374B57629FBCC0200B45B3B /* Assets.xcassets */; };
		3374B57A29FBCC0200B45B3B /* LaunchScreen.storyboard in Resources */ = {isa = PBXBuildFile; fileRef = 3374B57829FBCC0200B45B3B /* LaunchScreen.storyboard */; };
		3374B58F29FBCC0200B45B3B /* PulseLiveUITests.swift in Sources */ = {isa = PBXBuildFile; fileRef = 3374B58E29FBCC0200B45B3B /* PulseLiveUITests.swift */; };
		3374B59129FBCC0200B45B3B /* PulseLiveUITestsLaunchTests.swift in Sources */ = {isa = PBXBuildFile; fileRef = 3374B59029FBCC0200B45B3B /* PulseLiveUITestsLaunchTests.swift */; };
		3374B5A229FBCC5B00B45B3B /* ItemTestData.swift in Sources */ = {isa = PBXBuildFile; fileRef = 3374B5A129FBCC5B00B45B3B /* ItemTestData.swift */; };
		3374B5A429FBCD0700B45B3B /* ItemTests.swift in Sources */ = {isa = PBXBuildFile; fileRef = 3374B5A329FBCD0700B45B3B /* ItemTests.swift */; };
		3374B5A629FBCD6100B45B3B /* Item.swift in Sources */ = {isa = PBXBuildFile; fileRef = 3374B5A529FBCD6100B45B3B /* Item.swift */; };
		3374B5AA29FBD2A900B45B3B /* ItemsManager.swift in Sources */ = {isa = PBXBuildFile; fileRef = 3374B5A929FBD2A900B45B3B /* ItemsManager.swift */; };
		3374B5AC29FBD39300B45B3B /* Constants.swift in Sources */ = {isa = PBXBuildFile; fileRef = 3374B5AB29FBD39300B45B3B /* Constants.swift */; };
		3374B5AF29FBD4BA00B45B3B /* PLErrors.swift in Sources */ = {isa = PBXBuildFile; fileRef = 3374B5AE29FBD4BA00B45B3B /* PLErrors.swift */; };
		3374B5B129FBD60E00B45B3B /* NetworkManager.swift in Sources */ = {isa = PBXBuildFile; fileRef = 3374B5B029FBD60E00B45B3B /* NetworkManager.swift */; };
		3374B5B429FBD70C00B45B3B /* ItemsManagerTests.swift in Sources */ = {isa = PBXBuildFile; fileRef = 3374B5B329FBD70C00B45B3B /* ItemsManagerTests.swift */; };
		3374B5B629FBD95E00B45B3B /* Content.swift in Sources */ = {isa = PBXBuildFile; fileRef = 3374B5B529FBD95E00B45B3B /* Content.swift */; };
		3374B5B829FBDB3C00B45B3B /* NetworkManagerTests.swift in Sources */ = {isa = PBXBuildFile; fileRef = 3374B5B729FBDB3C00B45B3B /* NetworkManagerTests.swift */; };
		3374B5BA29FBDB6F00B45B3B /* ContentTestData.swift in Sources */ = {isa = PBXBuildFile; fileRef = 3374B5B929FBDB6F00B45B3B /* ContentTestData.swift */; };
		3374B5BC29FBDFA000B45B3B /* ContentTests.swift in Sources */ = {isa = PBXBuildFile; fileRef = 3374B5BB29FBDFA000B45B3B /* ContentTests.swift */; };
		3374B5C429FBF4A500B45B3B /* ItemDetail.swift in Sources */ = {isa = PBXBuildFile; fileRef = 3374B5C329FBF4A500B45B3B /* ItemDetail.swift */; };
		3374B5C629FBF5BA00B45B3B /* ItemDetailTestData.swift in Sources */ = {isa = PBXBuildFile; fileRef = 3374B5C529FBF5BA00B45B3B /* ItemDetailTestData.swift */; };
		3374B5C829FBF91300B45B3B /* ItemDetailTests.swift in Sources */ = {isa = PBXBuildFile; fileRef = 3374B5C729FBF91300B45B3B /* ItemDetailTests.swift */; };
		3374B5CB29FC170600B45B3B /* PLTabBarController.swift in Sources */ = {isa = PBXBuildFile; fileRef = 3374B5CA29FC170600B45B3B /* PLTabBarController.swift */; };
		3374B5CE29FC178300B45B3B /* ContentListVC.swift in Sources */ = {isa = PBXBuildFile; fileRef = 3374B5CD29FC178300B45B3B /* ContentListVC.swift */; };
		3374B5D029FC179A00B45B3B /* FavouriteListVC.swift in Sources */ = {isa = PBXBuildFile; fileRef = 3374B5CF29FC179A00B45B3B /* FavouriteListVC.swift */; };
		3374B5D229FC1F3700B45B3B /* PLItemListCell.swift in Sources */ = {isa = PBXBuildFile; fileRef = 3374B5D129FC1F3700B45B3B /* PLItemListCell.swift */; };
		3374B5D429FC1FF500B45B3B /* PLArticleTitleLabel.swift in Sources */ = {isa = PBXBuildFile; fileRef = 3374B5D329FC1FF500B45B3B /* PLArticleTitleLabel.swift */; };
		3374B5D729FC20C300B45B3B /* UITableView+Extension.swift in Sources */ = {isa = PBXBuildFile; fileRef = 3374B5D629FC20C300B45B3B /* UITableView+Extension.swift */; };
		3374B5D929FC226000B45B3B /* ItemDetailVC.swift in Sources */ = {isa = PBXBuildFile; fileRef = 3374B5D829FC226000B45B3B /* ItemDetailVC.swift */; };
		3374B5DB29FC272300B45B3B /* PLArticleSubtitleLabel.swift in Sources */ = {isa = PBXBuildFile; fileRef = 3374B5DA29FC272300B45B3B /* PLArticleSubtitleLabel.swift */; };
		3374B5DD29FC2C3600B45B3B /* PLArticleBodyLabel.swift in Sources */ = {isa = PBXBuildFile; fileRef = 3374B5DC29FC2C3600B45B3B /* PLArticleBodyLabel.swift */; };
		3374B5DF29FC2F2900B45B3B /* UIView+Extension.swift in Sources */ = {isa = PBXBuildFile; fileRef = 3374B5DE29FC2F2900B45B3B /* UIView+Extension.swift */; };
		3374B5E129FC319200B45B3B /* PLAlertVC.swift in Sources */ = {isa = PBXBuildFile; fileRef = 3374B5E029FC319200B45B3B /* PLAlertVC.swift */; };
		3374B5E329FC31F700B45B3B /* PLAlertContainerView.swift in Sources */ = {isa = PBXBuildFile; fileRef = 3374B5E229FC31F700B45B3B /* PLAlertContainerView.swift */; };
		3374B5E529FC323700B45B3B /* PLButton.swift in Sources */ = {isa = PBXBuildFile; fileRef = 3374B5E429FC323700B45B3B /* PLButton.swift */; };
		3374B5E729FC335700B45B3B /* UIViewController+Extension.swift in Sources */ = {isa = PBXBuildFile; fileRef = 3374B5E629FC335700B45B3B /* UIViewController+Extension.swift */; };
		3374B5E929FC48CB00B45B3B /* PLArticleDateLabel.swift in Sources */ = {isa = PBXBuildFile; fileRef = 3374B5E829FC48CB00B45B3B /* PLArticleDateLabel.swift */; };
		3374B5EB29FC48D700B45B3B /* PLArticleIdLabel.swift in Sources */ = {isa = PBXBuildFile; fileRef = 3374B5EA29FC48D700B45B3B /* PLArticleIdLabel.swift */; };
		3374B5F029FD060500B45B3B /* FavouritesManager.swift in Sources */ = {isa = PBXBuildFile; fileRef = 3374B5EF29FD060500B45B3B /* FavouritesManager.swift */; };
/* End PBXBuildFile section */

/* Begin PBXContainerItemProxy section */
		3374B58129FBCC0200B45B3B /* PBXContainerItemProxy */ = {
			isa = PBXContainerItemProxy;
			containerPortal = 3374B56229FBCC0100B45B3B /* Project object */;
			proxyType = 1;
			remoteGlobalIDString = 3374B56929FBCC0100B45B3B;
			remoteInfo = PulseLive;
		};
		3374B58B29FBCC0200B45B3B /* PBXContainerItemProxy */ = {
			isa = PBXContainerItemProxy;
			containerPortal = 3374B56229FBCC0100B45B3B /* Project object */;
			proxyType = 1;
			remoteGlobalIDString = 3374B56929FBCC0100B45B3B;
			remoteInfo = PulseLive;
		};
/* End PBXContainerItemProxy section */

/* Begin PBXFileReference section */
		337310B129FD6EC500575567 /* ContentListVCTests.swift */ = {isa = PBXFileReference; fileEncoding = 4; lastKnownFileType = sourcecode.swift; path = ContentListVCTests.swift; sourceTree = "<group>"; };
		337310B229FD6EC500575567 /* FavouriteListVCTests.swift */ = {isa = PBXFileReference; fileEncoding = 4; lastKnownFileType = sourcecode.swift; path = FavouriteListVCTests.swift; sourceTree = "<group>"; };
		337310B329FD6EC500575567 /* ItemDetailVCTests.swift */ = {isa = PBXFileReference; fileEncoding = 4; lastKnownFileType = sourcecode.swift; path = ItemDetailVCTests.swift; sourceTree = "<group>"; };
		337310B729FD6ED700575567 /* NetworkManagerTests.swift */ = {isa = PBXFileReference; fileEncoding = 4; lastKnownFileType = sourcecode.swift; path = NetworkManagerTests.swift; sourceTree = "<group>"; };
		337310B829FD6ED700575567 /* FavouritesManagerTests.swift */ = {isa = PBXFileReference; fileEncoding = 4; lastKnownFileType = sourcecode.swift; path = FavouritesManagerTests.swift; sourceTree = "<group>"; };
		337310B929FD6ED700575567 /* ItemsManagerTests.swift */ = {isa = PBXFileReference; fileEncoding = 4; lastKnownFileType = sourcecode.swift; path = ItemsManagerTests.swift; sourceTree = "<group>"; };
		337310BD29FD6EE300575567 /* PLAlertContainerViewTests.swift */ = {isa = PBXFileReference; fileEncoding = 4; lastKnownFileType = sourcecode.swift; path = PLAlertContainerViewTests.swift; sourceTree = "<group>"; };
		337310BE29FD6EE300575567 /* PLAlertVCTests.swift */ = {isa = PBXFileReference; fileEncoding = 4; lastKnownFileType = sourcecode.swift; path = PLAlertVCTests.swift; sourceTree = "<group>"; };
		337310C129FD6EF200575567 /* PLArticleSubtitleLabelTests.swift */ = {isa = PBXFileReference; fileEncoding = 4; lastKnownFileType = sourcecode.swift; path = PLArticleSubtitleLabelTests.swift; sourceTree = "<group>"; };
		337310C229FD6EF200575567 /* PLArticleBodyLabelTests.swift */ = {isa = PBXFileReference; fileEncoding = 4; lastKnownFileType = sourcecode.swift; path = PLArticleBodyLabelTests.swift; sourceTree = "<group>"; };
		337310C329FD6EF200575567 /* PLArticleTitleLabelTests.swift */ = {isa = PBXFileReference; fileEncoding = 4; lastKnownFileType = sourcecode.swift; path = PLArticleTitleLabelTests.swift; sourceTree = "<group>"; };
		337310C429FD6EF200575567 /* PLArticleDateLabelTests.swift */ = {isa = PBXFileReference; fileEncoding = 4; lastKnownFileType = sourcecode.swift; path = PLArticleDateLabelTests.swift; sourceTree = "<group>"; };
		337310C529FD6EF200575567 /* PLArticleIdLabelTests.swift */ = {isa = PBXFileReference; fileEncoding = 4; lastKnownFileType = sourcecode.swift; path = PLArticleIdLabelTests.swift; sourceTree = "<group>"; };
		337310CB29FD6F0300575567 /* PLItemListCellTests.swift */ = {isa = PBXFileReference; fileEncoding = 4; lastKnownFileType = sourcecode.swift; path = PLItemListCellTests.swift; sourceTree = "<group>"; };
		337310CC29FD6F0300575567 /* PLButtonTests.swift */ = {isa = PBXFileReference; fileEncoding = 4; lastKnownFileType = sourcecode.swift; path = PLButtonTests.swift; sourceTree = "<group>"; };
		337310CD29FD6F0300575567 /* PLTabBarControllerTests.swift */ = {isa = PBXFileReference; fileEncoding = 4; lastKnownFileType = sourcecode.swift; path = PLTabBarControllerTests.swift; sourceTree = "<group>"; };
		337310CE29FD6F0300575567 /* PLErrorsTests.swift */ = {isa = PBXFileReference; fileEncoding = 4; lastKnownFileType = sourcecode.swift; path = PLErrorsTests.swift; sourceTree = "<group>"; };
		3374B56A29FBCC0100B45B3B /* PulseLive.app */ = {isa = PBXFileReference; explicitFileType = wrapper.application; includeInIndex = 0; path = PulseLive.app; sourceTree = BUILT_PRODUCTS_DIR; };
		3374B56D29FBCC0100B45B3B /* AppDelegate.swift */ = {isa = PBXFileReference; lastKnownFileType = sourcecode.swift; path = AppDelegate.swift; sourceTree = "<group>"; };
		3374B56F29FBCC0100B45B3B /* SceneDelegate.swift */ = {isa = PBXFileReference; lastKnownFileType = sourcecode.swift; path = SceneDelegate.swift; sourceTree = "<group>"; };
		3374B57629FBCC0200B45B3B /* Assets.xcassets */ = {isa = PBXFileReference; lastKnownFileType = folder.assetcatalog; path = Assets.xcassets; sourceTree = "<group>"; };
		3374B57929FBCC0200B45B3B /* Base */ = {isa = PBXFileReference; lastKnownFileType = file.storyboard; name = Base; path = Base.lproj/LaunchScreen.storyboard; sourceTree = "<group>"; };
		3374B57B29FBCC0200B45B3B /* Info.plist */ = {isa = PBXFileReference; lastKnownFileType = text.plist.xml; path = Info.plist; sourceTree = "<group>"; };
		3374B58029FBCC0200B45B3B /* PulseLiveTests.xctest */ = {isa = PBXFileReference; explicitFileType = wrapper.cfbundle; includeInIndex = 0; path = PulseLiveTests.xctest; sourceTree = BUILT_PRODUCTS_DIR; };
		3374B58A29FBCC0200B45B3B /* PulseLiveUITests.xctest */ = {isa = PBXFileReference; explicitFileType = wrapper.cfbundle; includeInIndex = 0; path = PulseLiveUITests.xctest; sourceTree = BUILT_PRODUCTS_DIR; };
		3374B58E29FBCC0200B45B3B /* PulseLiveUITests.swift */ = {isa = PBXFileReference; lastKnownFileType = sourcecode.swift; path = PulseLiveUITests.swift; sourceTree = "<group>"; };
		3374B59029FBCC0200B45B3B /* PulseLiveUITestsLaunchTests.swift */ = {isa = PBXFileReference; lastKnownFileType = sourcecode.swift; path = PulseLiveUITestsLaunchTests.swift; sourceTree = "<group>"; };
		3374B5A129FBCC5B00B45B3B /* ItemTestData.swift */ = {isa = PBXFileReference; lastKnownFileType = sourcecode.swift; path = ItemTestData.swift; sourceTree = "<group>"; };
		3374B5A329FBCD0700B45B3B /* ItemTests.swift */ = {isa = PBXFileReference; lastKnownFileType = sourcecode.swift; path = ItemTests.swift; sourceTree = "<group>"; };
		3374B5A529FBCD6100B45B3B /* Item.swift */ = {isa = PBXFileReference; lastKnownFileType = sourcecode.swift; path = Item.swift; sourceTree = "<group>"; };
		3374B5A929FBD2A900B45B3B /* ItemsManager.swift */ = {isa = PBXFileReference; lastKnownFileType = sourcecode.swift; path = ItemsManager.swift; sourceTree = "<group>"; };
		3374B5AB29FBD39300B45B3B /* Constants.swift */ = {isa = PBXFileReference; lastKnownFileType = sourcecode.swift; path = Constants.swift; sourceTree = "<group>"; };
		3374B5AE29FBD4BA00B45B3B /* PLErrors.swift */ = {isa = PBXFileReference; lastKnownFileType = sourcecode.swift; path = PLErrors.swift; sourceTree = "<group>"; };
		3374B5B029FBD60E00B45B3B /* NetworkManager.swift */ = {isa = PBXFileReference; lastKnownFileType = sourcecode.swift; path = NetworkManager.swift; sourceTree = "<group>"; };
		3374B5B329FBD70C00B45B3B /* ItemsManagerTests.swift */ = {isa = PBXFileReference; lastKnownFileType = sourcecode.swift; path = ItemsManagerTests.swift; sourceTree = "<group>"; };
		3374B5B529FBD95E00B45B3B /* Content.swift */ = {isa = PBXFileReference; lastKnownFileType = sourcecode.swift; path = Content.swift; sourceTree = "<group>"; };
		3374B5B729FBDB3C00B45B3B /* NetworkManagerTests.swift */ = {isa = PBXFileReference; lastKnownFileType = sourcecode.swift; path = NetworkManagerTests.swift; sourceTree = "<group>"; };
		3374B5B929FBDB6F00B45B3B /* ContentTestData.swift */ = {isa = PBXFileReference; lastKnownFileType = sourcecode.swift; path = ContentTestData.swift; sourceTree = "<group>"; };
		3374B5BB29FBDFA000B45B3B /* ContentTests.swift */ = {isa = PBXFileReference; lastKnownFileType = sourcecode.swift; path = ContentTests.swift; sourceTree = "<group>"; };
		3374B5C329FBF4A500B45B3B /* ItemDetail.swift */ = {isa = PBXFileReference; lastKnownFileType = sourcecode.swift; path = ItemDetail.swift; sourceTree = "<group>"; };
		3374B5C529FBF5BA00B45B3B /* ItemDetailTestData.swift */ = {isa = PBXFileReference; lastKnownFileType = sourcecode.swift; path = ItemDetailTestData.swift; sourceTree = "<group>"; };
		3374B5C729FBF91300B45B3B /* ItemDetailTests.swift */ = {isa = PBXFileReference; lastKnownFileType = sourcecode.swift; path = ItemDetailTests.swift; sourceTree = "<group>"; };
		3374B5CA29FC170600B45B3B /* PLTabBarController.swift */ = {isa = PBXFileReference; lastKnownFileType = sourcecode.swift; path = PLTabBarController.swift; sourceTree = "<group>"; };
		3374B5CD29FC178300B45B3B /* ContentListVC.swift */ = {isa = PBXFileReference; lastKnownFileType = sourcecode.swift; path = ContentListVC.swift; sourceTree = "<group>"; };
		3374B5CF29FC179A00B45B3B /* FavouriteListVC.swift */ = {isa = PBXFileReference; lastKnownFileType = sourcecode.swift; path = FavouriteListVC.swift; sourceTree = "<group>"; };
		3374B5D129FC1F3700B45B3B /* PLItemListCell.swift */ = {isa = PBXFileReference; lastKnownFileType = sourcecode.swift; path = PLItemListCell.swift; sourceTree = "<group>"; };
		3374B5D329FC1FF500B45B3B /* PLArticleTitleLabel.swift */ = {isa = PBXFileReference; lastKnownFileType = sourcecode.swift; path = PLArticleTitleLabel.swift; sourceTree = "<group>"; };
		3374B5D629FC20C300B45B3B /* UITableView+Extension.swift */ = {isa = PBXFileReference; lastKnownFileType = sourcecode.swift; path = "UITableView+Extension.swift"; sourceTree = "<group>"; };
		3374B5D829FC226000B45B3B /* ItemDetailVC.swift */ = {isa = PBXFileReference; lastKnownFileType = sourcecode.swift; path = ItemDetailVC.swift; sourceTree = "<group>"; };
		3374B5DA29FC272300B45B3B /* PLArticleSubtitleLabel.swift */ = {isa = PBXFileReference; lastKnownFileType = sourcecode.swift; path = PLArticleSubtitleLabel.swift; sourceTree = "<group>"; };
		3374B5DC29FC2C3600B45B3B /* PLArticleBodyLabel.swift */ = {isa = PBXFileReference; lastKnownFileType = sourcecode.swift; path = PLArticleBodyLabel.swift; sourceTree = "<group>"; };
		3374B5DE29FC2F2900B45B3B /* UIView+Extension.swift */ = {isa = PBXFileReference; lastKnownFileType = sourcecode.swift; path = "UIView+Extension.swift"; sourceTree = "<group>"; };
		3374B5E029FC319200B45B3B /* PLAlertVC.swift */ = {isa = PBXFileReference; lastKnownFileType = sourcecode.swift; path = PLAlertVC.swift; sourceTree = "<group>"; };
		3374B5E229FC31F700B45B3B /* PLAlertContainerView.swift */ = {isa = PBXFileReference; lastKnownFileType = sourcecode.swift; path = PLAlertContainerView.swift; sourceTree = "<group>"; };
		3374B5E429FC323700B45B3B /* PLButton.swift */ = {isa = PBXFileReference; lastKnownFileType = sourcecode.swift; path = PLButton.swift; sourceTree = "<group>"; };
		3374B5E629FC335700B45B3B /* UIViewController+Extension.swift */ = {isa = PBXFileReference; lastKnownFileType = sourcecode.swift; path = "UIViewController+Extension.swift"; sourceTree = "<group>"; };
		3374B5E829FC48CB00B45B3B /* PLArticleDateLabel.swift */ = {isa = PBXFileReference; lastKnownFileType = sourcecode.swift; path = PLArticleDateLabel.swift; sourceTree = "<group>"; };
		3374B5EA29FC48D700B45B3B /* PLArticleIdLabel.swift */ = {isa = PBXFileReference; lastKnownFileType = sourcecode.swift; path = PLArticleIdLabel.swift; sourceTree = "<group>"; };
		3374B5EF29FD060500B45B3B /* FavouritesManager.swift */ = {isa = PBXFileReference; lastKnownFileType = sourcecode.swift; path = FavouritesManager.swift; sourceTree = "<group>"; };
/* End PBXFileReference section */

/* Begin PBXFrameworksBuildPhase section */
		3374B56729FBCC0100B45B3B /* Frameworks */ = {
			isa = PBXFrameworksBuildPhase;
			buildActionMask = 2147483647;
			files = (
			);
			runOnlyForDeploymentPostprocessing = 0;
		};
		3374B57D29FBCC0200B45B3B /* Frameworks */ = {
			isa = PBXFrameworksBuildPhase;
			buildActionMask = 2147483647;
			files = (
			);
			runOnlyForDeploymentPostprocessing = 0;
		};
		3374B58729FBCC0200B45B3B /* Frameworks */ = {
			isa = PBXFrameworksBuildPhase;
			buildActionMask = 2147483647;
			files = (
			);
			runOnlyForDeploymentPostprocessing = 0;
		};
/* End PBXFrameworksBuildPhase section */

/* Begin PBXGroup section */
		337310D329FD738800575567 /* Alert */ = {
			isa = PBXGroup;
			children = (
				3374B5E229FC31F700B45B3B /* PLAlertContainerView.swift */,
				3374B5E029FC319200B45B3B /* PLAlertVC.swift */,
			);
			path = Alert;
			sourceTree = "<group>";
		};
		3374B56129FBCC0100B45B3B = {
			isa = PBXGroup;
			children = (
				3374B56C29FBCC0100B45B3B /* PulseLive */,
				3374B58329FBCC0200B45B3B /* PulseLiveTests */,
				3374B58D29FBCC0200B45B3B /* PulseLiveUITests */,
				3374B56B29FBCC0100B45B3B /* Products */,
			);
			sourceTree = "<group>";
		};
		3374B56B29FBCC0100B45B3B /* Products */ = {
			isa = PBXGroup;
			children = (
				3374B56A29FBCC0100B45B3B /* PulseLive.app */,
				3374B58029FBCC0200B45B3B /* PulseLiveTests.xctest */,
				3374B58A29FBCC0200B45B3B /* PulseLiveUITests.xctest */,
			);
			name = Products;
			sourceTree = "<group>";
		};
		3374B56C29FBCC0100B45B3B /* PulseLive */ = {
			isa = PBXGroup;
			children = (
				3374B5D529FC20AB00B45B3B /* Extensions */,
				3374B59D29FBCC2100B45B3B /* AppSystem */,
				3374B5C929FC16D200B45B3B /* CustomViews */,
				3374B57B29FBCC0200B45B3B /* Info.plist */,
				3374B5A829FBD28F00B45B3B /* Managers */,
				3374B5A029FBCC4A00B45B3B /* Model */,
				3374B5A729FBD26E00B45B3B /* Screens */,
				3374B5AD29FBD47200B45B3B /* Utilities */,
			);
			path = PulseLive;
			sourceTree = "<group>";
		};
		3374B58329FBCC0200B45B3B /* PulseLiveTests */ = {
			isa = PBXGroup;
			children = (
				3374B61D29FD6C1600B45B3B /* ViewControllerTests */,
				3374B61E29FD6C3C00B45B3B /* PLManagerTests */,
				3374B61B29FD6BCE00B45B3B /* AlertTests */,
				3374B61C29FD6BD800B45B3B /* ArticleTests */,
				3374B61F29FD6C7C00B45B3B /* CustomViewsTests */,
				3374B5B229FBD6F100B45B3B /* ManagerTests */,
				3374B59E29FBCC3700B45B3B /* ModelTests */,
				3374B59F29FBCC3E00B45B3B /* TestData */,
			);
			path = PulseLiveTests;
			sourceTree = "<group>";
		};
		3374B58D29FBCC0200B45B3B /* PulseLiveUITests */ = {
			isa = PBXGroup;
			children = (
				3374B58E29FBCC0200B45B3B /* PulseLiveUITests.swift */,
				3374B59029FBCC0200B45B3B /* PulseLiveUITestsLaunchTests.swift */,
			);
			path = PulseLiveUITests;
			sourceTree = "<group>";
		};
		3374B59D29FBCC2100B45B3B /* AppSystem */ = {
			isa = PBXGroup;
			children = (
				3374B56D29FBCC0100B45B3B /* AppDelegate.swift */,
				3374B56F29FBCC0100B45B3B /* SceneDelegate.swift */,
				3374B57629FBCC0200B45B3B /* Assets.xcassets */,
				3374B57829FBCC0200B45B3B /* LaunchScreen.storyboard */,
			);
			path = AppSystem;
			sourceTree = "<group>";
		};
		3374B59E29FBCC3700B45B3B /* ModelTests */ = {
			isa = PBXGroup;
			children = (
				3374B5BB29FBDFA000B45B3B /* ContentTests.swift */,
				3374B5A329FBCD0700B45B3B /* ItemTests.swift */,
				3374B5C729FBF91300B45B3B /* ItemDetailTests.swift */,
			);
			path = ModelTests;
			sourceTree = "<group>";
		};
		3374B59F29FBCC3E00B45B3B /* TestData */ = {
			isa = PBXGroup;
			children = (
				3374B5B929FBDB6F00B45B3B /* ContentTestData.swift */,
				3374B5A129FBCC5B00B45B3B /* ItemTestData.swift */,
				3374B5C529FBF5BA00B45B3B /* ItemDetailTestData.swift */,
			);
			path = TestData;
			sourceTree = "<group>";
		};
		3374B5A029FBCC4A00B45B3B /* Model */ = {
			isa = PBXGroup;
			children = (
				3374B5B529FBD95E00B45B3B /* Content.swift */,
				3374B5A529FBCD6100B45B3B /* Item.swift */,
				3374B5C329FBF4A500B45B3B /* ItemDetail.swift */,
			);
			path = Model;
			sourceTree = "<group>";
		};
		3374B5A729FBD26E00B45B3B /* Screens */ = {
			isa = PBXGroup;
			children = (
				3374B5CD29FC178300B45B3B /* ContentListVC.swift */,
				3374B5CF29FC179A00B45B3B /* FavouriteListVC.swift */,
				3374B5D829FC226000B45B3B /* ItemDetailVC.swift */,
			);
			path = Screens;
			sourceTree = "<group>";
		};
		3374B5A829FBD28F00B45B3B /* Managers */ = {
			isa = PBXGroup;
			children = (
				3374B5EF29FD060500B45B3B /* FavouritesManager.swift */,
				3374B5A929FBD2A900B45B3B /* ItemsManager.swift */,
				3374B5B029FBD60E00B45B3B /* NetworkManager.swift */,
			);
			path = Managers;
			sourceTree = "<group>";
		};
		3374B5AD29FBD47200B45B3B /* Utilities */ = {
			isa = PBXGroup;
			children = (
				3374B5AB29FBD39300B45B3B /* Constants.swift */,
				3374B5AE29FBD4BA00B45B3B /* PLErrors.swift */,
			);
			path = Utilities;
			sourceTree = "<group>";
		};
		3374B5B229FBD6F100B45B3B /* ManagerTests */ = {
			isa = PBXGroup;
			children = (
				3374B5B329FBD70C00B45B3B /* ItemsManagerTests.swift */,
				3374B5B729FBDB3C00B45B3B /* NetworkManagerTests.swift */,
			);
			path = ManagerTests;
			sourceTree = "<group>";
		};
		3374B5C929FC16D200B45B3B /* CustomViews */ = {
			isa = PBXGroup;
			children = (
				337310D329FD738800575567 /* Alert */,
				3374B5EC29FC494C00B45B3B /* Article */,
				3374B5E429FC323700B45B3B /* PLButton.swift */,
				3374B5D129FC1F3700B45B3B /* PLItemListCell.swift */,
				3374B5CA29FC170600B45B3B /* PLTabBarController.swift */,
			);
			path = CustomViews;
			sourceTree = "<group>";
		};
		3374B5D529FC20AB00B45B3B /* Extensions */ = {
			isa = PBXGroup;
			children = (
				3374B5D629FC20C300B45B3B /* UITableView+Extension.swift */,
				3374B5DE29FC2F2900B45B3B /* UIView+Extension.swift */,
				3374B5E629FC335700B45B3B /* UIViewController+Extension.swift */,
			);
			path = Extensions;
			sourceTree = "<group>";
		};
		3374B5EC29FC494C00B45B3B /* Article */ = {
			isa = PBXGroup;
			children = (
				3374B5E829FC48CB00B45B3B /* PLArticleDateLabel.swift */,
				3374B5EA29FC48D700B45B3B /* PLArticleIdLabel.swift */,
				3374B5DA29FC272300B45B3B /* PLArticleSubtitleLabel.swift */,
				3374B5D329FC1FF500B45B3B /* PLArticleTitleLabel.swift */,
				3374B5DC29FC2C3600B45B3B /* PLArticleBodyLabel.swift */,
			);
			path = Article;
			sourceTree = "<group>";
		};
		3374B61B29FD6BCE00B45B3B /* AlertTests */ = {
			isa = PBXGroup;
			children = (
				337310BD29FD6EE300575567 /* PLAlertContainerViewTests.swift */,
				337310BE29FD6EE300575567 /* PLAlertVCTests.swift */,
			);
			path = AlertTests;
			sourceTree = "<group>";
		};
		3374B61C29FD6BD800B45B3B /* ArticleTests */ = {
			isa = PBXGroup;
			children = (
				337310C229FD6EF200575567 /* PLArticleBodyLabelTests.swift */,
				337310C429FD6EF200575567 /* PLArticleDateLabelTests.swift */,
				337310C529FD6EF200575567 /* PLArticleIdLabelTests.swift */,
				337310C129FD6EF200575567 /* PLArticleSubtitleLabelTests.swift */,
				337310C329FD6EF200575567 /* PLArticleTitleLabelTests.swift */,
			);
			path = ArticleTests;
			sourceTree = "<group>";
		};
		3374B61D29FD6C1600B45B3B /* ViewControllerTests */ = {
			isa = PBXGroup;
			children = (
				337310B129FD6EC500575567 /* ContentListVCTests.swift */,
				337310B229FD6EC500575567 /* FavouriteListVCTests.swift */,
				337310B329FD6EC500575567 /* ItemDetailVCTests.swift */,
			);
			path = ViewControllerTests;
			sourceTree = "<group>";
		};
		3374B61E29FD6C3C00B45B3B /* PLManagerTests */ = {
			isa = PBXGroup;
			children = (
				337310B829FD6ED700575567 /* FavouritesManagerTests.swift */,
				337310B929FD6ED700575567 /* ItemsManagerTests.swift */,
				337310B729FD6ED700575567 /* NetworkManagerTests.swift */,
			);
			path = PLManagerTests;
			sourceTree = "<group>";
		};
		3374B61F29FD6C7C00B45B3B /* CustomViewsTests */ = {
			isa = PBXGroup;
			children = (
				337310CC29FD6F0300575567 /* PLButtonTests.swift */,
				337310CE29FD6F0300575567 /* PLErrorsTests.swift */,
				337310CB29FD6F0300575567 /* PLItemListCellTests.swift */,
				337310CD29FD6F0300575567 /* PLTabBarControllerTests.swift */,
			);
			path = CustomViewsTests;
			sourceTree = "<group>";
		};
/* End PBXGroup section */

/* Begin PBXNativeTarget section */
		3374B56929FBCC0100B45B3B /* PulseLive */ = {
			isa = PBXNativeTarget;
			buildConfigurationList = 3374B59429FBCC0200B45B3B /* Build configuration list for PBXNativeTarget "PulseLive" */;
			buildPhases = (
				3374B56629FBCC0100B45B3B /* Sources */,
				3374B56729FBCC0100B45B3B /* Frameworks */,
				3374B56829FBCC0100B45B3B /* Resources */,
			);
			buildRules = (
			);
			dependencies = (
			);
			name = PulseLive;
			productName = PulseLive;
			productReference = 3374B56A29FBCC0100B45B3B /* PulseLive.app */;
			productType = "com.apple.product-type.application";
		};
		3374B57F29FBCC0200B45B3B /* PulseLiveTests */ = {
			isa = PBXNativeTarget;
			buildConfigurationList = 3374B59729FBCC0200B45B3B /* Build configuration list for PBXNativeTarget "PulseLiveTests" */;
			buildPhases = (
				3374B57C29FBCC0200B45B3B /* Sources */,
				3374B57D29FBCC0200B45B3B /* Frameworks */,
				3374B57E29FBCC0200B45B3B /* Resources */,
			);
			buildRules = (
			);
			dependencies = (
				3374B58229FBCC0200B45B3B /* PBXTargetDependency */,
			);
			name = PulseLiveTests;
			productName = PulseLiveTests;
			productReference = 3374B58029FBCC0200B45B3B /* PulseLiveTests.xctest */;
			productType = "com.apple.product-type.bundle.unit-test";
		};
		3374B58929FBCC0200B45B3B /* PulseLiveUITests */ = {
			isa = PBXNativeTarget;
			buildConfigurationList = 3374B59A29FBCC0200B45B3B /* Build configuration list for PBXNativeTarget "PulseLiveUITests" */;
			buildPhases = (
				3374B58629FBCC0200B45B3B /* Sources */,
				3374B58729FBCC0200B45B3B /* Frameworks */,
				3374B58829FBCC0200B45B3B /* Resources */,
			);
			buildRules = (
			);
			dependencies = (
				3374B58C29FBCC0200B45B3B /* PBXTargetDependency */,
			);
			name = PulseLiveUITests;
			productName = PulseLiveUITests;
			productReference = 3374B58A29FBCC0200B45B3B /* PulseLiveUITests.xctest */;
			productType = "com.apple.product-type.bundle.ui-testing";
		};
/* End PBXNativeTarget section */

/* Begin PBXProject section */
		3374B56229FBCC0100B45B3B /* Project object */ = {
			isa = PBXProject;
			attributes = {
				BuildIndependentTargetsInParallel = 1;
				LastSwiftUpdateCheck = 1430;
				LastUpgradeCheck = 1430;
				TargetAttributes = {
					3374B56929FBCC0100B45B3B = {
						CreatedOnToolsVersion = 14.3;
					};
					3374B57F29FBCC0200B45B3B = {
						CreatedOnToolsVersion = 14.3;
						TestTargetID = 3374B56929FBCC0100B45B3B;
					};
					3374B58929FBCC0200B45B3B = {
						CreatedOnToolsVersion = 14.3;
						TestTargetID = 3374B56929FBCC0100B45B3B;
					};
				};
			};
			buildConfigurationList = 3374B56529FBCC0100B45B3B /* Build configuration list for PBXProject "PulseLive" */;
			compatibilityVersion = "Xcode 14.0";
			developmentRegion = en;
			hasScannedForEncodings = 0;
			knownRegions = (
				en,
				Base,
			);
			mainGroup = 3374B56129FBCC0100B45B3B;
			productRefGroup = 3374B56B29FBCC0100B45B3B /* Products */;
			projectDirPath = "";
			projectRoot = "";
			targets = (
				3374B56929FBCC0100B45B3B /* PulseLive */,
				3374B57F29FBCC0200B45B3B /* PulseLiveTests */,
				3374B58929FBCC0200B45B3B /* PulseLiveUITests */,
			);
		};
/* End PBXProject section */

/* Begin PBXResourcesBuildPhase section */
		3374B56829FBCC0100B45B3B /* Resources */ = {
			isa = PBXResourcesBuildPhase;
			buildActionMask = 2147483647;
			files = (
				3374B57A29FBCC0200B45B3B /* LaunchScreen.storyboard in Resources */,
				3374B57729FBCC0200B45B3B /* Assets.xcassets in Resources */,
			);
			runOnlyForDeploymentPostprocessing = 0;
		};
		3374B57E29FBCC0200B45B3B /* Resources */ = {
			isa = PBXResourcesBuildPhase;
			buildActionMask = 2147483647;
			files = (
			);
			runOnlyForDeploymentPostprocessing = 0;
		};
		3374B58829FBCC0200B45B3B /* Resources */ = {
			isa = PBXResourcesBuildPhase;
			buildActionMask = 2147483647;
			files = (
			);
			runOnlyForDeploymentPostprocessing = 0;
		};
/* End PBXResourcesBuildPhase section */

/* Begin PBXSourcesBuildPhase section */
		3374B56629FBCC0100B45B3B /* Sources */ = {
			isa = PBXSourcesBuildPhase;
			buildActionMask = 2147483647;
			files = (
				3374B5D229FC1F3700B45B3B /* PLItemListCell.swift in Sources */,
				3374B5E929FC48CB00B45B3B /* PLArticleDateLabel.swift in Sources */,
				3374B5A629FBCD6100B45B3B /* Item.swift in Sources */,
				3374B5D729FC20C300B45B3B /* UITableView+Extension.swift in Sources */,
				3374B56E29FBCC0100B45B3B /* AppDelegate.swift in Sources */,
				3374B5DB29FC272300B45B3B /* PLArticleSubtitleLabel.swift in Sources */,
				3374B5D029FC179A00B45B3B /* FavouriteListVC.swift in Sources */,
				3374B5F029FD060500B45B3B /* FavouritesManager.swift in Sources */,
				3374B5E329FC31F700B45B3B /* PLAlertContainerView.swift in Sources */,
				3374B5E729FC335700B45B3B /* UIViewController+Extension.swift in Sources */,
				3374B5CB29FC170600B45B3B /* PLTabBarController.swift in Sources */,
				3374B5C429FBF4A500B45B3B /* ItemDetail.swift in Sources */,
				3374B5E529FC323700B45B3B /* PLButton.swift in Sources */,
				3374B5AF29FBD4BA00B45B3B /* PLErrors.swift in Sources */,
				3374B5D929FC226000B45B3B /* ItemDetailVC.swift in Sources */,
				3374B5B629FBD95E00B45B3B /* Content.swift in Sources */,
				3374B5B129FBD60E00B45B3B /* NetworkManager.swift in Sources */,
				3374B5DF29FC2F2900B45B3B /* UIView+Extension.swift in Sources */,
				3374B5DD29FC2C3600B45B3B /* PLArticleBodyLabel.swift in Sources */,
				3374B5EB29FC48D700B45B3B /* PLArticleIdLabel.swift in Sources */,
				3374B57029FBCC0100B45B3B /* SceneDelegate.swift in Sources */,
				3374B5E129FC319200B45B3B /* PLAlertVC.swift in Sources */,
				3374B5CE29FC178300B45B3B /* ContentListVC.swift in Sources */,
				3374B5D429FC1FF500B45B3B /* PLArticleTitleLabel.swift in Sources */,
				3374B5AA29FBD2A900B45B3B /* ItemsManager.swift in Sources */,
				3374B5AC29FBD39300B45B3B /* Constants.swift in Sources */,
			);
			runOnlyForDeploymentPostprocessing = 0;
		};
		3374B57C29FBCC0200B45B3B /* Sources */ = {
			isa = PBXSourcesBuildPhase;
			buildActionMask = 2147483647;
			files = (
				337310CA29FD6EF200575567 /* PLArticleIdLabelTests.swift in Sources */,
				337310D029FD6F0300575567 /* PLButtonTests.swift in Sources */,
				3374B5BC29FBDFA000B45B3B /* ContentTests.swift in Sources */,
				337310CF29FD6F0300575567 /* PLItemListCellTests.swift in Sources */,
				337310BC29FD6ED700575567 /* ItemsManagerTests.swift in Sources */,
				337310C629FD6EF200575567 /* PLArticleSubtitleLabelTests.swift in Sources */,
				337310D229FD6F0300575567 /* PLErrorsTests.swift in Sources */,
				337310D129FD6F0300575567 /* PLTabBarControllerTests.swift in Sources */,
				3374B5B829FBDB3C00B45B3B /* NetworkManagerTests.swift in Sources */,
				3374B5C829FBF91300B45B3B /* ItemDetailTests.swift in Sources */,
				337310C729FD6EF200575567 /* PLArticleBodyLabelTests.swift in Sources */,
				337310B629FD6EC500575567 /* ItemDetailVCTests.swift in Sources */,
				337310BB29FD6ED700575567 /* FavouritesManagerTests.swift in Sources */,
				337310C929FD6EF200575567 /* PLArticleDateLabelTests.swift in Sources */,
				337310C029FD6EE300575567 /* PLAlertVCTests.swift in Sources */,
				3374B5A229FBCC5B00B45B3B /* ItemTestData.swift in Sources */,
				337310B429FD6EC500575567 /* ContentListVCTests.swift in Sources */,
				337310C829FD6EF200575567 /* PLArticleTitleLabelTests.swift in Sources */,
				3374B5BA29FBDB6F00B45B3B /* ContentTestData.swift in Sources */,
				3374B5B429FBD70C00B45B3B /* ItemsManagerTests.swift in Sources */,
				3374B5A429FBCD0700B45B3B /* ItemTests.swift in Sources */,
				337310BA29FD6ED700575567 /* NetworkManagerTests.swift in Sources */,
				3374B5C629FBF5BA00B45B3B /* ItemDetailTestData.swift in Sources */,
				337310B529FD6EC500575567 /* FavouriteListVCTests.swift in Sources */,
				337310BF29FD6EE300575567 /* PLAlertContainerViewTests.swift in Sources */,
			);
			runOnlyForDeploymentPostprocessing = 0;
		};
		3374B58629FBCC0200B45B3B /* Sources */ = {
			isa = PBXSourcesBuildPhase;
			buildActionMask = 2147483647;
			files = (
				3374B59129FBCC0200B45B3B /* PulseLiveUITestsLaunchTests.swift in Sources */,
				3374B58F29FBCC0200B45B3B /* PulseLiveUITests.swift in Sources */,
			);
			runOnlyForDeploymentPostprocessing = 0;
		};
/* End PBXSourcesBuildPhase section */

/* Begin PBXTargetDependency section */
		3374B58229FBCC0200B45B3B /* PBXTargetDependency */ = {
			isa = PBXTargetDependency;
			target = 3374B56929FBCC0100B45B3B /* PulseLive */;
			targetProxy = 3374B58129FBCC0200B45B3B /* PBXContainerItemProxy */;
		};
		3374B58C29FBCC0200B45B3B /* PBXTargetDependency */ = {
			isa = PBXTargetDependency;
			target = 3374B56929FBCC0100B45B3B /* PulseLive */;
			targetProxy = 3374B58B29FBCC0200B45B3B /* PBXContainerItemProxy */;
		};
/* End PBXTargetDependency section */

/* Begin PBXVariantGroup section */
		3374B57829FBCC0200B45B3B /* LaunchScreen.storyboard */ = {
			isa = PBXVariantGroup;
			children = (
				3374B57929FBCC0200B45B3B /* Base */,
			);
			name = LaunchScreen.storyboard;
			sourceTree = "<group>";
		};
/* End PBXVariantGroup section */

/* Begin XCBuildConfiguration section */
		3374B59229FBCC0200B45B3B /* Debug */ = {
			isa = XCBuildConfiguration;
			buildSettings = {
				ALWAYS_SEARCH_USER_PATHS = NO;
				CLANG_ANALYZER_NONNULL = YES;
				CLANG_ANALYZER_NUMBER_OBJECT_CONVERSION = YES_AGGRESSIVE;
				CLANG_CXX_LANGUAGE_STANDARD = "gnu++20";
				CLANG_ENABLE_MODULES = YES;
				CLANG_ENABLE_OBJC_ARC = YES;
				CLANG_ENABLE_OBJC_WEAK = YES;
				CLANG_WARN_BLOCK_CAPTURE_AUTORELEASING = YES;
				CLANG_WARN_BOOL_CONVERSION = YES;
				CLANG_WARN_COMMA = YES;
				CLANG_WARN_CONSTANT_CONVERSION = YES;
				CLANG_WARN_DEPRECATED_OBJC_IMPLEMENTATIONS = YES;
				CLANG_WARN_DIRECT_OBJC_ISA_USAGE = YES_ERROR;
				CLANG_WARN_DOCUMENTATION_COMMENTS = YES;
				CLANG_WARN_EMPTY_BODY = YES;
				CLANG_WARN_ENUM_CONVERSION = YES;
				CLANG_WARN_INFINITE_RECURSION = YES;
				CLANG_WARN_INT_CONVERSION = YES;
				CLANG_WARN_NON_LITERAL_NULL_CONVERSION = YES;
				CLANG_WARN_OBJC_IMPLICIT_RETAIN_SELF = YES;
				CLANG_WARN_OBJC_LITERAL_CONVERSION = YES;
				CLANG_WARN_OBJC_ROOT_CLASS = YES_ERROR;
				CLANG_WARN_QUOTED_INCLUDE_IN_FRAMEWORK_HEADER = YES;
				CLANG_WARN_RANGE_LOOP_ANALYSIS = YES;
				CLANG_WARN_STRICT_PROTOTYPES = YES;
				CLANG_WARN_SUSPICIOUS_MOVE = YES;
				CLANG_WARN_UNGUARDED_AVAILABILITY = YES_AGGRESSIVE;
				CLANG_WARN_UNREACHABLE_CODE = YES;
				CLANG_WARN__DUPLICATE_METHOD_MATCH = YES;
				COPY_PHASE_STRIP = NO;
				DEBUG_INFORMATION_FORMAT = dwarf;
				ENABLE_STRICT_OBJC_MSGSEND = YES;
				ENABLE_TESTABILITY = YES;
				GCC_C_LANGUAGE_STANDARD = gnu11;
				GCC_DYNAMIC_NO_PIC = NO;
				GCC_NO_COMMON_BLOCKS = YES;
				GCC_OPTIMIZATION_LEVEL = 0;
				GCC_PREPROCESSOR_DEFINITIONS = (
					"DEBUG=1",
					"$(inherited)",
				);
				GCC_WARN_64_TO_32_BIT_CONVERSION = YES;
				GCC_WARN_ABOUT_RETURN_TYPE = YES_ERROR;
				GCC_WARN_UNDECLARED_SELECTOR = YES;
				GCC_WARN_UNINITIALIZED_AUTOS = YES_AGGRESSIVE;
				GCC_WARN_UNUSED_FUNCTION = YES;
				GCC_WARN_UNUSED_VARIABLE = YES;
				IPHONEOS_DEPLOYMENT_TARGET = 16.4;
				MTL_ENABLE_DEBUG_INFO = INCLUDE_SOURCE;
				MTL_FAST_MATH = YES;
				ONLY_ACTIVE_ARCH = YES;
				SDKROOT = iphoneos;
				SWIFT_ACTIVE_COMPILATION_CONDITIONS = DEBUG;
				SWIFT_OPTIMIZATION_LEVEL = "-Onone";
			};
			name = Debug;
		};
		3374B59329FBCC0200B45B3B /* Release */ = {
			isa = XCBuildConfiguration;
			buildSettings = {
				ALWAYS_SEARCH_USER_PATHS = NO;
				CLANG_ANALYZER_NONNULL = YES;
				CLANG_ANALYZER_NUMBER_OBJECT_CONVERSION = YES_AGGRESSIVE;
				CLANG_CXX_LANGUAGE_STANDARD = "gnu++20";
				CLANG_ENABLE_MODULES = YES;
				CLANG_ENABLE_OBJC_ARC = YES;
				CLANG_ENABLE_OBJC_WEAK = YES;
				CLANG_WARN_BLOCK_CAPTURE_AUTORELEASING = YES;
				CLANG_WARN_BOOL_CONVERSION = YES;
				CLANG_WARN_COMMA = YES;
				CLANG_WARN_CONSTANT_CONVERSION = YES;
				CLANG_WARN_DEPRECATED_OBJC_IMPLEMENTATIONS = YES;
				CLANG_WARN_DIRECT_OBJC_ISA_USAGE = YES_ERROR;
				CLANG_WARN_DOCUMENTATION_COMMENTS = YES;
				CLANG_WARN_EMPTY_BODY = YES;
				CLANG_WARN_ENUM_CONVERSION = YES;
				CLANG_WARN_INFINITE_RECURSION = YES;
				CLANG_WARN_INT_CONVERSION = YES;
				CLANG_WARN_NON_LITERAL_NULL_CONVERSION = YES;
				CLANG_WARN_OBJC_IMPLICIT_RETAIN_SELF = YES;
				CLANG_WARN_OBJC_LITERAL_CONVERSION = YES;
				CLANG_WARN_OBJC_ROOT_CLASS = YES_ERROR;
				CLANG_WARN_QUOTED_INCLUDE_IN_FRAMEWORK_HEADER = YES;
				CLANG_WARN_RANGE_LOOP_ANALYSIS = YES;
				CLANG_WARN_STRICT_PROTOTYPES = YES;
				CLANG_WARN_SUSPICIOUS_MOVE = YES;
				CLANG_WARN_UNGUARDED_AVAILABILITY = YES_AGGRESSIVE;
				CLANG_WARN_UNREACHABLE_CODE = YES;
				CLANG_WARN__DUPLICATE_METHOD_MATCH = YES;
				COPY_PHASE_STRIP = NO;
				DEBUG_INFORMATION_FORMAT = "dwarf-with-dsym";
				ENABLE_NS_ASSERTIONS = NO;
				ENABLE_STRICT_OBJC_MSGSEND = YES;
				GCC_C_LANGUAGE_STANDARD = gnu11;
				GCC_NO_COMMON_BLOCKS = YES;
				GCC_WARN_64_TO_32_BIT_CONVERSION = YES;
				GCC_WARN_ABOUT_RETURN_TYPE = YES_ERROR;
				GCC_WARN_UNDECLARED_SELECTOR = YES;
				GCC_WARN_UNINITIALIZED_AUTOS = YES_AGGRESSIVE;
				GCC_WARN_UNUSED_FUNCTION = YES;
				GCC_WARN_UNUSED_VARIABLE = YES;
				IPHONEOS_DEPLOYMENT_TARGET = 16.4;
				MTL_ENABLE_DEBUG_INFO = NO;
				MTL_FAST_MATH = YES;
				SDKROOT = iphoneos;
				SWIFT_COMPILATION_MODE = wholemodule;
				SWIFT_OPTIMIZATION_LEVEL = "-O";
				VALIDATE_PRODUCT = YES;
			};
			name = Release;
		};
		3374B59529FBCC0200B45B3B /* Debug */ = {
			isa = XCBuildConfiguration;
			buildSettings = {
				ASSETCATALOG_COMPILER_APPICON_NAME = AppIcon;
				ASSETCATALOG_COMPILER_GLOBAL_ACCENT_COLOR_NAME = AccentColor;
				CODE_SIGN_STYLE = Automatic;
				CURRENT_PROJECT_VERSION = 1;
				DEVELOPMENT_TEAM = 2F4C5Q99XV;
				GENERATE_INFOPLIST_FILE = YES;
				INFOPLIST_FILE = PulseLive/Info.plist;
				INFOPLIST_KEY_UIApplicationSupportsIndirectInputEvents = YES;
				INFOPLIST_KEY_UILaunchStoryboardName = LaunchScreen;
				INFOPLIST_KEY_UISupportedInterfaceOrientations_iPad = "UIInterfaceOrientationPortrait UIInterfaceOrientationPortraitUpsideDown UIInterfaceOrientationLandscapeLeft UIInterfaceOrientationLandscapeRight";
				INFOPLIST_KEY_UISupportedInterfaceOrientations_iPhone = "UIInterfaceOrientationPortrait UIInterfaceOrientationLandscapeLeft UIInterfaceOrientationLandscapeRight";
				LD_RUNPATH_SEARCH_PATHS = (
					"$(inherited)",
					"@executable_path/Frameworks",
				);
				MARKETING_VERSION = 1.0;
				PRODUCT_BUNDLE_IDENTIFIER = com.apabbott.PulseLive;
				PRODUCT_NAME = "$(TARGET_NAME)";
				SWIFT_EMIT_LOC_STRINGS = YES;
				SWIFT_VERSION = 5.0;
				TARGETED_DEVICE_FAMILY = "1,2";
			};
			name = Debug;
		};
		3374B59629FBCC0200B45B3B /* Release */ = {
			isa = XCBuildConfiguration;
			buildSettings = {
				ASSETCATALOG_COMPILER_APPICON_NAME = AppIcon;
				ASSETCATALOG_COMPILER_GLOBAL_ACCENT_COLOR_NAME = AccentColor;
				CODE_SIGN_STYLE = Automatic;
				CURRENT_PROJECT_VERSION = 1;
				DEVELOPMENT_TEAM = 2F4C5Q99XV;
				GENERATE_INFOPLIST_FILE = YES;
				INFOPLIST_FILE = PulseLive/Info.plist;
				INFOPLIST_KEY_UIApplicationSupportsIndirectInputEvents = YES;
				INFOPLIST_KEY_UILaunchStoryboardName = LaunchScreen;
				INFOPLIST_KEY_UISupportedInterfaceOrientations_iPad = "UIInterfaceOrientationPortrait UIInterfaceOrientationPortraitUpsideDown UIInterfaceOrientationLandscapeLeft UIInterfaceOrientationLandscapeRight";
				INFOPLIST_KEY_UISupportedInterfaceOrientations_iPhone = "UIInterfaceOrientationPortrait UIInterfaceOrientationLandscapeLeft UIInterfaceOrientationLandscapeRight";
				LD_RUNPATH_SEARCH_PATHS = (
					"$(inherited)",
					"@executable_path/Frameworks",
				);
				MARKETING_VERSION = 1.0;
				PRODUCT_BUNDLE_IDENTIFIER = com.apabbott.PulseLive;
				PRODUCT_NAME = "$(TARGET_NAME)";
				SWIFT_EMIT_LOC_STRINGS = YES;
				SWIFT_VERSION = 5.0;
				TARGETED_DEVICE_FAMILY = "1,2";
			};
			name = Release;
		};
		3374B59829FBCC0200B45B3B /* Debug */ = {
			isa = XCBuildConfiguration;
			buildSettings = {
				ALWAYS_EMBED_SWIFT_STANDARD_LIBRARIES = YES;
				BUNDLE_LOADER = "$(TEST_HOST)";
				CODE_SIGN_STYLE = Automatic;
				CURRENT_PROJECT_VERSION = 1;
				DEVELOPMENT_TEAM = 2F4C5Q99XV;
				GENERATE_INFOPLIST_FILE = YES;
				IPHONEOS_DEPLOYMENT_TARGET = 16.4;
				MARKETING_VERSION = 1.0;
				PRODUCT_BUNDLE_IDENTIFIER = com.apabbott.PulseLiveTests;
				PRODUCT_NAME = "$(TARGET_NAME)";
				SWIFT_EMIT_LOC_STRINGS = NO;
				SWIFT_VERSION = 5.0;
				TARGETED_DEVICE_FAMILY = "1,2";
				TEST_HOST = "$(BUILT_PRODUCTS_DIR)/PulseLive.app/$(BUNDLE_EXECUTABLE_FOLDER_PATH)/PulseLive";
			};
			name = Debug;
		};
		3374B59929FBCC0200B45B3B /* Release */ = {
			isa = XCBuildConfiguration;
			buildSettings = {
				ALWAYS_EMBED_SWIFT_STANDARD_LIBRARIES = YES;
				BUNDLE_LOADER = "$(TEST_HOST)";
				CODE_SIGN_STYLE = Automatic;
				CURRENT_PROJECT_VERSION = 1;
				DEVELOPMENT_TEAM = 2F4C5Q99XV;
				GENERATE_INFOPLIST_FILE = YES;
				IPHONEOS_DEPLOYMENT_TARGET = 16.4;
				MARKETING_VERSION = 1.0;
				PRODUCT_BUNDLE_IDENTIFIER = com.apabbott.PulseLiveTests;
				PRODUCT_NAME = "$(TARGET_NAME)";
				SWIFT_EMIT_LOC_STRINGS = NO;
				SWIFT_VERSION = 5.0;
				TARGETED_DEVICE_FAMILY = "1,2";
				TEST_HOST = "$(BUILT_PRODUCTS_DIR)/PulseLive.app/$(BUNDLE_EXECUTABLE_FOLDER_PATH)/PulseLive";
			};
			name = Release;
		};
		3374B59B29FBCC0200B45B3B /* Debug */ = {
			isa = XCBuildConfiguration;
			buildSettings = {
				ALWAYS_EMBED_SWIFT_STANDARD_LIBRARIES = YES;
				CODE_SIGN_STYLE = Automatic;
				CURRENT_PROJECT_VERSION = 1;
				DEVELOPMENT_TEAM = 2F4C5Q99XV;
				GENERATE_INFOPLIST_FILE = YES;
				MARKETING_VERSION = 1.0;
				PRODUCT_BUNDLE_IDENTIFIER = com.apabbott.PulseLiveUITests;
				PRODUCT_NAME = "$(TARGET_NAME)";
				SWIFT_EMIT_LOC_STRINGS = NO;
				SWIFT_VERSION = 5.0;
				TARGETED_DEVICE_FAMILY = "1,2";
				TEST_TARGET_NAME = PulseLive;
			};
			name = Debug;
		};
		3374B59C29FBCC0200B45B3B /* Release */ = {
			isa = XCBuildConfiguration;
			buildSettings = {
				ALWAYS_EMBED_SWIFT_STANDARD_LIBRARIES = YES;
				CODE_SIGN_STYLE = Automatic;
				CURRENT_PROJECT_VERSION = 1;
				DEVELOPMENT_TEAM = 2F4C5Q99XV;
				GENERATE_INFOPLIST_FILE = YES;
				MARKETING_VERSION = 1.0;
				PRODUCT_BUNDLE_IDENTIFIER = com.apabbott.PulseLiveUITests;
				PRODUCT_NAME = "$(TARGET_NAME)";
				SWIFT_EMIT_LOC_STRINGS = NO;
				SWIFT_VERSION = 5.0;
				TARGETED_DEVICE_FAMILY = "1,2";
				TEST_TARGET_NAME = PulseLive;
			};
			name = Release;
		};
/* End XCBuildConfiguration section */

/* Begin XCConfigurationList section */
		3374B56529FBCC0100B45B3B /* Build configuration list for PBXProject "PulseLive" */ = {
			isa = XCConfigurationList;
			buildConfigurations = (
				3374B59229FBCC0200B45B3B /* Debug */,
				3374B59329FBCC0200B45B3B /* Release */,
			);
			defaultConfigurationIsVisible = 0;
			defaultConfigurationName = Release;
		};
		3374B59429FBCC0200B45B3B /* Build configuration list for PBXNativeTarget "PulseLive" */ = {
			isa = XCConfigurationList;
			buildConfigurations = (
				3374B59529FBCC0200B45B3B /* Debug */,
				3374B59629FBCC0200B45B3B /* Release */,
			);
			defaultConfigurationIsVisible = 0;
			defaultConfigurationName = Release;
		};
		3374B59729FBCC0200B45B3B /* Build configuration list for PBXNativeTarget "PulseLiveTests" */ = {
			isa = XCConfigurationList;
			buildConfigurations = (
				3374B59829FBCC0200B45B3B /* Debug */,
				3374B59929FBCC0200B45B3B /* Release */,
			);
			defaultConfigurationIsVisible = 0;
			defaultConfigurationName = Release;
		};
		3374B59A29FBCC0200B45B3B /* Build configuration list for PBXNativeTarget "PulseLiveUITests" */ = {
			isa = XCConfigurationList;
			buildConfigurations = (
				3374B59B29FBCC0200B45B3B /* Debug */,
				3374B59C29FBCC0200B45B3B /* Release */,
			);
			defaultConfigurationIsVisible = 0;
			defaultConfigurationName = Release;
		};
/* End XCConfigurationList section */
	};
	rootObject = 3374B56229FBCC0100B45B3B /* Project object */;
}
