// !$*UTF8*$!
{
	archiveVersion = 1;
	classes = {
	};
	objectVersion = 56;
	objects = {

/* Begin PBXBuildFile section */
		3374B56E29FBCC0100B45B3B /* AppDelegate.swift in Sources */ = {isa = PBXBuildFile; fileRef = 3374B56D29FBCC0100B45B3B /* AppDelegate.swift */; };
		3374B57029FBCC0100B45B3B /* SceneDelegate.swift in Sources */ = {isa = PBXBuildFile; fileRef = 3374B56F29FBCC0100B45B3B /* SceneDelegate.swift */; };
		3374B57229FBCC0100B45B3B /* ViewController.swift in Sources */ = {isa = PBXBuildFile; fileRef = 3374B57129FBCC0100B45B3B /* ViewController.swift */; };
		3374B57529FBCC0100B45B3B /* Main.storyboard in Resources */ = {isa = PBXBuildFile; fileRef = 3374B57329FBCC0100B45B3B /* Main.storyboard */; };
		3374B57729FBCC0200B45B3B /* Assets.xcassets in Resources */ = {isa = PBXBuildFile; fileRef = 3374B57629FBCC0200B45B3B /* Assets.xcassets */; };
		3374B57A29FBCC0200B45B3B /* LaunchScreen.storyboard in Resources */ = {isa = PBXBuildFile; fileRef = 3374B57829FBCC0200B45B3B /* LaunchScreen.storyboard */; };
		3374B58529FBCC0200B45B3B /* PulseLiveTests.swift in Sources */ = {isa = PBXBuildFile; fileRef = 3374B58429FBCC0200B45B3B /* PulseLiveTests.swift */; };
		3374B58F29FBCC0200B45B3B /* PulseLiveUITests.swift in Sources */ = {isa = PBXBuildFile; fileRef = 3374B58E29FBCC0200B45B3B /* PulseLiveUITests.swift */; };
		3374B59129FBCC0200B45B3B /* PulseLiveUITestsLaunchTests.swift in Sources */ = {isa = PBXBuildFile; fileRef = 3374B59029FBCC0200B45B3B /* PulseLiveUITestsLaunchTests.swift */; };
/* End PBXBuildFile section */

/* Begin PBXContainerItemProxy section */
		3374B58129FBCC0200B45B3B /* PBXContainerItemProxy */ = {
			isa = PBXContainerItemProxy;
			containerPortal = 3374B56229FBCC0100B45B3B /* Project object */;
			proxyType = 1;
			remoteGlobalIDString = 3374B56929FBCC0100B45B3B;
			remoteInfo = PulseLive;
		};
		3374B58B29FBCC0200B45B3B /* PBXContainerItemProxy */ = {
			isa = PBXContainerItemProxy;
			containerPortal = 3374B56229FBCC0100B45B3B /* Project object */;
			proxyType = 1;
			remoteGlobalIDString = 3374B56929FBCC0100B45B3B;
			remoteInfo = PulseLive;
		};
/* End PBXContainerItemProxy section */

/* Begin PBXFileReference section */
		3374B56A29FBCC0100B45B3B /* PulseLive.app */ = {isa = PBXFileReference; explicitFileType = wrapper.application; includeInIndex = 0; path = PulseLive.app; sourceTree = BUILT_PRODUCTS_DIR; };
		3374B56D29FBCC0100B45B3B /* AppDelegate.swift */ = {isa = PBXFileReference; lastKnownFileType = sourcecode.swift; path = AppDelegate.swift; sourceTree = "<group>"; };
		3374B56F29FBCC0100B45B3B /* SceneDelegate.swift */ = {isa = PBXFileReference; lastKnownFileType = sourcecode.swift; path = SceneDelegate.swift; sourceTree = "<group>"; };
		3374B57129FBCC0100B45B3B /* ViewController.swift */ = {isa = PBXFileReference; lastKnownFileType = sourcecode.swift; path = ViewController.swift; sourceTree = "<group>"; };
		3374B57429FBCC0100B45B3B /* Base */ = {isa = PBXFileReference; lastKnownFileType = file.storyboard; name = Base; path = Base.lproj/Main.storyboard; sourceTree = "<group>"; };
		3374B57629FBCC0200B45B3B /* Assets.xcassets */ = {isa = PBXFileReference; lastKnownFileType = folder.assetcatalog; path = Assets.xcassets; sourceTree = "<group>"; };
		3374B57929FBCC0200B45B3B /* Base */ = {isa = PBXFileReference; lastKnownFileType = file.storyboard; name = Base; path = Base.lproj/LaunchScreen.storyboard; sourceTree = "<group>"; };
		3374B57B29FBCC0200B45B3B /* Info.plist */ = {isa = PBXFileReference; lastKnownFileType = text.plist.xml; path = Info.plist; sourceTree = "<group>"; };
		3374B58029FBCC0200B45B3B /* PulseLiveTests.xctest */ = {isa = PBXFileReference; explicitFileType = wrapper.cfbundle; includeInIndex = 0; path = PulseLiveTests.xctest; sourceTree = BUILT_PRODUCTS_DIR; };
		3374B58429FBCC0200B45B3B /* PulseLiveTests.swift */ = {isa = PBXFileReference; lastKnownFileType = sourcecode.swift; path = PulseLiveTests.swift; sourceTree = "<group>"; };
		3374B58A29FBCC0200B45B3B /* PulseLiveUITests.xctest */ = {isa = PBXFileReference; explicitFileType = wrapper.cfbundle; includeInIndex = 0; path = PulseLiveUITests.xctest; sourceTree = BUILT_PRODUCTS_DIR; };
		3374B58E29FBCC0200B45B3B /* PulseLiveUITests.swift */ = {isa = PBXFileReference; lastKnownFileType = sourcecode.swift; path = PulseLiveUITests.swift; sourceTree = "<group>"; };
		3374B59029FBCC0200B45B3B /* PulseLiveUITestsLaunchTests.swift */ = {isa = PBXFileReference; lastKnownFileType = sourcecode.swift; path = PulseLiveUITestsLaunchTests.swift; sourceTree = "<group>"; };
/* End PBXFileReference section */

/* Begin PBXFrameworksBuildPhase section */
		3374B56729FBCC0100B45B3B /* Frameworks */ = {
			isa = PBXFrameworksBuildPhase;
			buildActionMask = 2147483647;
			files = (
			);
			runOnlyForDeploymentPostprocessing = 0;
		};
		3374B57D29FBCC0200B45B3B /* Frameworks */ = {
			isa = PBXFrameworksBuildPhase;
			buildActionMask = 2147483647;
			files = (
			);
			runOnlyForDeploymentPostprocessing = 0;
		};
		3374B58729FBCC0200B45B3B /* Frameworks */ = {
			isa = PBXFrameworksBuildPhase;
			buildActionMask = 2147483647;
			files = (
			);
			runOnlyForDeploymentPostprocessing = 0;
		};
/* End PBXFrameworksBuildPhase section */

/* Begin PBXGroup section */
		3374B56129FBCC0100B45B3B = {
			isa = PBXGroup;
			children = (
				3374B56C29FBCC0100B45B3B /* PulseLive */,
				3374B58329FBCC0200B45B3B /* PulseLiveTests */,
				3374B58D29FBCC0200B45B3B /* PulseLiveUITests */,
				3374B56B29FBCC0100B45B3B /* Products */,
			);
			sourceTree = "<group>";
		};
		3374B56B29FBCC0100B45B3B /* Products */ = {
			isa = PBXGroup;
			children = (
				3374B56A29FBCC0100B45B3B /* PulseLive.app */,
				3374B58029FBCC0200B45B3B /* PulseLiveTests.xctest */,
				3374B58A29FBCC0200B45B3B /* PulseLiveUITests.xctest */,
			);
			name = Products;
			sourceTree = "<group>";
		};
		3374B56C29FBCC0100B45B3B /* PulseLive */ = {
			isa = PBXGroup;
			children = (
				3374B56D29FBCC0100B45B3B /* AppDelegate.swift */,
				3374B56F29FBCC0100B45B3B /* SceneDelegate.swift */,
				3374B57129FBCC0100B45B3B /* ViewController.swift */,
				3374B57329FBCC0100B45B3B /* Main.storyboard */,
				3374B57629FBCC0200B45B3B /* Assets.xcassets */,
				3374B57829FBCC0200B45B3B /* LaunchScreen.storyboard */,
				3374B57B29FBCC0200B45B3B /* Info.plist */,
			);
			path = PulseLive;
			sourceTree = "<group>";
		};
		3374B58329FBCC0200B45B3B /* PulseLiveTests */ = {
			isa = PBXGroup;
			children = (
				3374B58429FBCC0200B45B3B /* PulseLiveTests.swift */,
			);
			path = PulseLiveTests;
			sourceTree = "<group>";
		};
		3374B58D29FBCC0200B45B3B /* PulseLiveUITests */ = {
			isa = PBXGroup;
			children = (
				3374B58E29FBCC0200B45B3B /* PulseLiveUITests.swift */,
				3374B59029FBCC0200B45B3B /* PulseLiveUITestsLaunchTests.swift */,
			);
			path = PulseLiveUITests;
			sourceTree = "<group>";
		};
/* End PBXGroup section */

/* Begin PBXNativeTarget section */
		3374B56929FBCC0100B45B3B /* PulseLive */ = {
			isa = PBXNativeTarget;
			buildConfigurationList = 3374B59429FBCC0200B45B3B /* Build configuration list for PBXNativeTarget "PulseLive" */;
			buildPhases = (
				3374B56629FBCC0100B45B3B /* Sources */,
				3374B56729FBCC0100B45B3B /* Frameworks */,
				3374B56829FBCC0100B45B3B /* Resources */,
			);
			buildRules = (
			);
			dependencies = (
			);
			name = PulseLive;
			productName = PulseLive;
			productReference = 3374B56A29FBCC0100B45B3B /* PulseLive.app */;
			productType = "com.apple.product-type.application";
		};
		3374B57F29FBCC0200B45B3B /* PulseLiveTests */ = {
			isa = PBXNativeTarget;
			buildConfigurationList = 3374B59729FBCC0200B45B3B /* Build configuration list for PBXNativeTarget "PulseLiveTests" */;
			buildPhases = (
				3374B57C29FBCC0200B45B3B /* Sources */,
				3374B57D29FBCC0200B45B3B /* Frameworks */,
				3374B57E29FBCC0200B45B3B /* Resources */,
			);
			buildRules = (
			);
			dependencies = (
				3374B58229FBCC0200B45B3B /* PBXTargetDependency */,
			);
			name = PulseLiveTests;
			productName = PulseLiveTests;
			productReference = 3374B58029FBCC0200B45B3B /* PulseLiveTests.xctest */;
			productType = "com.apple.product-type.bundle.unit-test";
		};
		3374B58929FBCC0200B45B3B /* PulseLiveUITests */ = {
			isa = PBXNativeTarget;
			buildConfigurationList = 3374B59A29FBCC0200B45B3B /* Build configuration list for PBXNativeTarget "PulseLiveUITests" */;
			buildPhases = (
				3374B58629FBCC0200B45B3B /* Sources */,
				3374B58729FBCC0200B45B3B /* Frameworks */,
				3374B58829FBCC0200B45B3B /* Resources */,
			);
			buildRules = (
			);
			dependencies = (
				3374B58C29FBCC0200B45B3B /* PBXTargetDependency */,
			);
			name = PulseLiveUITests;
			productName = PulseLiveUITests;
			productReference = 3374B58A29FBCC0200B45B3B /* PulseLiveUITests.xctest */;
			productType = "com.apple.product-type.bundle.ui-testing";
		};
/* End PBXNativeTarget section */

/* Begin PBXProject section */
		3374B56229FBCC0100B45B3B /* Project object */ = {
			isa = PBXProject;
			attributes = {
				BuildIndependentTargetsInParallel = 1;
				LastSwiftUpdateCheck = 1430;
				LastUpgradeCheck = 1430;
				TargetAttributes = {
					3374B56929FBCC0100B45B3B = {
						CreatedOnToolsVersion = 14.3;
					};
					3374B57F29FBCC0200B45B3B = {
						CreatedOnToolsVersion = 14.3;
						TestTargetID = 3374B56929FBCC0100B45B3B;
					};
					3374B58929FBCC0200B45B3B = {
						CreatedOnToolsVersion = 14.3;
						TestTargetID = 3374B56929FBCC0100B45B3B;
					};
				};
			};
			buildConfigurationList = 3374B56529FBCC0100B45B3B /* Build configuration list for PBXProject "PulseLive" */;
			compatibilityVersion = "Xcode 14.0";
			developmentRegion = en;
			hasScannedForEncodings = 0;
			knownRegions = (
				en,
				Base,
			);
			mainGroup = 3374B56129FBCC0100B45B3B;
			productRefGroup = 3374B56B29FBCC0100B45B3B /* Products */;
			projectDirPath = "";
			projectRoot = "";
			targets = (
				3374B56929FBCC0100B45B3B /* PulseLive */,
				3374B57F29FBCC0200B45B3B /* PulseLiveTests */,
				3374B58929FBCC0200B45B3B /* PulseLiveUITests */,
			);
		};
/* End PBXProject section */

/* Begin PBXResourcesBuildPhase section */
		3374B56829FBCC0100B45B3B /* Resources */ = {
			isa = PBXResourcesBuildPhase;
			buildActionMask = 2147483647;
			files = (
				3374B57A29FBCC0200B45B3B /* LaunchScreen.storyboard in Resources */,
				3374B57729FBCC0200B45B3B /* Assets.xcassets in Resources */,
				3374B57529FBCC0100B45B3B /* Main.storyboard in Resources */,
			);
			runOnlyForDeploymentPostprocessing = 0;
		};
		3374B57E29FBCC0200B45B3B /* Resources */ = {
			isa = PBXResourcesBuildPhase;
			buildActionMask = 2147483647;
			files = (
			);
			runOnlyForDeploymentPostprocessing = 0;
		};
		3374B58829FBCC0200B45B3B /* Resources */ = {
			isa = PBXResourcesBuildPhase;
			buildActionMask = 2147483647;
			files = (
			);
			runOnlyForDeploymentPostprocessing = 0;
		};
/* End PBXResourcesBuildPhase section */

/* Begin PBXSourcesBuildPhase section */
		3374B56629FBCC0100B45B3B /* Sources */ = {
			isa = PBXSourcesBuildPhase;
			buildActionMask = 2147483647;
			files = (
				3374B57229FBCC0100B45B3B /* ViewController.swift in Sources */,
				3374B56E29FBCC0100B45B3B /* AppDelegate.swift in Sources */,
				3374B57029FBCC0100B45B3B /* SceneDelegate.swift in Sources */,
			);
			runOnlyForDeploymentPostprocessing = 0;
		};
		3374B57C29FBCC0200B45B3B /* Sources */ = {
			isa = PBXSourcesBuildPhase;
			buildActionMask = 2147483647;
			files = (
				3374B58529FBCC0200B45B3B /* PulseLiveTests.swift in Sources */,
			);
			runOnlyForDeploymentPostprocessing = 0;
		};
		3374B58629FBCC0200B45B3B /* Sources */ = {
			isa = PBXSourcesBuildPhase;
			buildActionMask = 2147483647;
			files = (
				3374B59129FBCC0200B45B3B /* PulseLiveUITestsLaunchTests.swift in Sources */,
				3374B58F29FBCC0200B45B3B /* PulseLiveUITests.swift in Sources */,
			);
			runOnlyForDeploymentPostprocessing = 0;
		};
/* End PBXSourcesBuildPhase section */

/* Begin PBXTargetDependency section */
		3374B58229FBCC0200B45B3B /* PBXTargetDependency */ = {
			isa = PBXTargetDependency;
			target = 3374B56929FBCC0100B45B3B /* PulseLive */;
			targetProxy = 3374B58129FBCC0200B45B3B /* PBXContainerItemProxy */;
		};
		3374B58C29FBCC0200B45B3B /* PBXTargetDependency */ = {
			isa = PBXTargetDependency;
			target = 3374B56929FBCC0100B45B3B /* PulseLive */;
			targetProxy = 3374B58B29FBCC0200B45B3B /* PBXContainerItemProxy */;
		};
/* End PBXTargetDependency section */

/* Begin PBXVariantGroup section */
		3374B57329FBCC0100B45B3B /* Main.storyboard */ = {
			isa = PBXVariantGroup;
			children = (
				3374B57429FBCC0100B45B3B /* Base */,
			);
			name = Main.storyboard;
			sourceTree = "<group>";
		};
		3374B57829FBCC0200B45B3B /* LaunchScreen.storyboard */ = {
			isa = PBXVariantGroup;
			children = (
				3374B57929FBCC0200B45B3B /* Base */,
			);
			name = LaunchScreen.storyboard;
			sourceTree = "<group>";
		};
/* End PBXVariantGroup section */

/* Begin XCBuildConfiguration section */
		3374B59229FBCC0200B45B3B /* Debug */ = {
			isa = XCBuildConfiguration;
			buildSettings = {
				ALWAYS_SEARCH_USER_PATHS = NO;
				CLANG_ANALYZER_NONNULL = YES;
				CLANG_ANALYZER_NUMBER_OBJECT_CONVERSION = YES_AGGRESSIVE;
				CLANG_CXX_LANGUAGE_STANDARD = "gnu++20";
				CLANG_ENABLE_MODULES = YES;
				CLANG_ENABLE_OBJC_ARC = YES;
				CLANG_ENABLE_OBJC_WEAK = YES;
				CLANG_WARN_BLOCK_CAPTURE_AUTORELEASING = YES;
				CLANG_WARN_BOOL_CONVERSION = YES;
				CLANG_WARN_COMMA = YES;
				CLANG_WARN_CONSTANT_CONVERSION = YES;
				CLANG_WARN_DEPRECATED_OBJC_IMPLEMENTATIONS = YES;
				CLANG_WARN_DIRECT_OBJC_ISA_USAGE = YES_ERROR;
				CLANG_WARN_DOCUMENTATION_COMMENTS = YES;
				CLANG_WARN_EMPTY_BODY = YES;
				CLANG_WARN_ENUM_CONVERSION = YES;
				CLANG_WARN_INFINITE_RECURSION = YES;
				CLANG_WARN_INT_CONVERSION = YES;
				CLANG_WARN_NON_LITERAL_NULL_CONVERSION = YES;
				CLANG_WARN_OBJC_IMPLICIT_RETAIN_SELF = YES;
				CLANG_WARN_OBJC_LITERAL_CONVERSION = YES;
				CLANG_WARN_OBJC_ROOT_CLASS = YES_ERROR;
				CLANG_WARN_QUOTED_INCLUDE_IN_FRAMEWORK_HEADER = YES;
				CLANG_WARN_RANGE_LOOP_ANALYSIS = YES;
				CLANG_WARN_STRICT_PROTOTYPES = YES;
				CLANG_WARN_SUSPICIOUS_MOVE = YES;
				CLANG_WARN_UNGUARDED_AVAILABILITY = YES_AGGRESSIVE;
				CLANG_WARN_UNREACHABLE_CODE = YES;
				CLANG_WARN__DUPLICATE_METHOD_MATCH = YES;
				COPY_PHASE_STRIP = NO;
				DEBUG_INFORMATION_FORMAT = dwarf;
				ENABLE_STRICT_OBJC_MSGSEND = YES;
				ENABLE_TESTABILITY = YES;
				GCC_C_LANGUAGE_STANDARD = gnu11;
				GCC_DYNAMIC_NO_PIC = NO;
				GCC_NO_COMMON_BLOCKS = YES;
				GCC_OPTIMIZATION_LEVEL = 0;
				GCC_PREPROCESSOR_DEFINITIONS = (
					"DEBUG=1",
					"$(inherited)",
				);
				GCC_WARN_64_TO_32_BIT_CONVERSION = YES;
				GCC_WARN_ABOUT_RETURN_TYPE = YES_ERROR;
				GCC_WARN_UNDECLARED_SELECTOR = YES;
				GCC_WARN_UNINITIALIZED_AUTOS = YES_AGGRESSIVE;
				GCC_WARN_UNUSED_FUNCTION = YES;
				GCC_WARN_UNUSED_VARIABLE = YES;
				IPHONEOS_DEPLOYMENT_TARGET = 16.4;
				MTL_ENABLE_DEBUG_INFO = INCLUDE_SOURCE;
				MTL_FAST_MATH = YES;
				ONLY_ACTIVE_ARCH = YES;
				SDKROOT = iphoneos;
				SWIFT_ACTIVE_COMPILATION_CONDITIONS = DEBUG;
				SWIFT_OPTIMIZATION_LEVEL = "-Onone";
			};
			name = Debug;
		};
		3374B59329FBCC0200B45B3B /* Release */ = {
			isa = XCBuildConfiguration;
			buildSettings = {
				ALWAYS_SEARCH_USER_PATHS = NO;
				CLANG_ANALYZER_NONNULL = YES;
				CLANG_ANALYZER_NUMBER_OBJECT_CONVERSION = YES_AGGRESSIVE;
				CLANG_CXX_LANGUAGE_STANDARD = "gnu++20";
				CLANG_ENABLE_MODULES = YES;
				CLANG_ENABLE_OBJC_ARC = YES;
				CLANG_ENABLE_OBJC_WEAK = YES;
				CLANG_WARN_BLOCK_CAPTURE_AUTORELEASING = YES;
				CLANG_WARN_BOOL_CONVERSION = YES;
				CLANG_WARN_COMMA = YES;
				CLANG_WARN_CONSTANT_CONVERSION = YES;
				CLANG_WARN_DEPRECATED_OBJC_IMPLEMENTATIONS = YES;
				CLANG_WARN_DIRECT_OBJC_ISA_USAGE = YES_ERROR;
				CLANG_WARN_DOCUMENTATION_COMMENTS = YES;
				CLANG_WARN_EMPTY_BODY = YES;
				CLANG_WARN_ENUM_CONVERSION = YES;
				CLANG_WARN_INFINITE_RECURSION = YES;
				CLANG_WARN_INT_CONVERSION = YES;
				CLANG_WARN_NON_LITERAL_NULL_CONVERSION = YES;
				CLANG_WARN_OBJC_IMPLICIT_RETAIN_SELF = YES;
				CLANG_WARN_OBJC_LITERAL_CONVERSION = YES;
				CLANG_WARN_OBJC_ROOT_CLASS = YES_ERROR;
				CLANG_WARN_QUOTED_INCLUDE_IN_FRAMEWORK_HEADER = YES;
				CLANG_WARN_RANGE_LOOP_ANALYSIS = YES;
				CLANG_WARN_STRICT_PROTOTYPES = YES;
				CLANG_WARN_SUSPICIOUS_MOVE = YES;
				CLANG_WARN_UNGUARDED_AVAILABILITY = YES_AGGRESSIVE;
				CLANG_WARN_UNREACHABLE_CODE = YES;
				CLANG_WARN__DUPLICATE_METHOD_MATCH = YES;
				COPY_PHASE_STRIP = NO;
				DEBUG_INFORMATION_FORMAT = "dwarf-with-dsym";
				ENABLE_NS_ASSERTIONS = NO;
				ENABLE_STRICT_OBJC_MSGSEND = YES;
				GCC_C_LANGUAGE_STANDARD = gnu11;
				GCC_NO_COMMON_BLOCKS = YES;
				GCC_WARN_64_TO_32_BIT_CONVERSION = YES;
				GCC_WARN_ABOUT_RETURN_TYPE = YES_ERROR;
				GCC_WARN_UNDECLARED_SELECTOR = YES;
				GCC_WARN_UNINITIALIZED_AUTOS = YES_AGGRESSIVE;
				GCC_WARN_UNUSED_FUNCTION = YES;
				GCC_WARN_UNUSED_VARIABLE = YES;
				IPHONEOS_DEPLOYMENT_TARGET = 16.4;
				MTL_ENABLE_DEBUG_INFO = NO;
				MTL_FAST_MATH = YES;
				SDKROOT = iphoneos;
				SWIFT_COMPILATION_MODE = wholemodule;
				SWIFT_OPTIMIZATION_LEVEL = "-O";
				VALIDATE_PRODUCT = YES;
			};
			name = Release;
		};
		3374B59529FBCC0200B45B3B /* Debug */ = {
			isa = XCBuildConfiguration;
			buildSettings = {
				ASSETCATALOG_COMPILER_APPICON_NAME = AppIcon;
				ASSETCATALOG_COMPILER_GLOBAL_ACCENT_COLOR_NAME = AccentColor;
				CODE_SIGN_STYLE = Automatic;
				CURRENT_PROJECT_VERSION = 1;
				DEVELOPMENT_TEAM = 2F4C5Q99XV;
				GENERATE_INFOPLIST_FILE = YES;
				INFOPLIST_FILE = PulseLive/Info.plist;
				INFOPLIST_KEY_UIApplicationSupportsIndirectInputEvents = YES;
				INFOPLIST_KEY_UILaunchStoryboardName = LaunchScreen;
				INFOPLIST_KEY_UIMainStoryboardFile = Main;
				INFOPLIST_KEY_UISupportedInterfaceOrientations_iPad = "UIInterfaceOrientationPortrait UIInterfaceOrientationPortraitUpsideDown UIInterfaceOrientationLandscapeLeft UIInterfaceOrientationLandscapeRight";
				INFOPLIST_KEY_UISupportedInterfaceOrientations_iPhone = "UIInterfaceOrientationPortrait UIInterfaceOrientationLandscapeLeft UIInterfaceOrientationLandscapeRight";
				LD_RUNPATH_SEARCH_PATHS = (
					"$(inherited)",
					"@executable_path/Frameworks",
				);
				MARKETING_VERSION = 1.0;
				PRODUCT_BUNDLE_IDENTIFIER = com.apabbott.PulseLive;
				PRODUCT_NAME = "$(TARGET_NAME)";
				SWIFT_EMIT_LOC_STRINGS = YES;
				SWIFT_VERSION = 5.0;
				TARGETED_DEVICE_FAMILY = "1,2";
			};
			name = Debug;
		};
		3374B59629FBCC0200B45B3B /* Release */ = {
			isa = XCBuildConfiguration;
			buildSettings = {
				ASSETCATALOG_COMPILER_APPICON_NAME = AppIcon;
				ASSETCATALOG_COMPILER_GLOBAL_ACCENT_COLOR_NAME = AccentColor;
				CODE_SIGN_STYLE = Automatic;
				CURRENT_PROJECT_VERSION = 1;
				DEVELOPMENT_TEAM = 2F4C5Q99XV;
				GENERATE_INFOPLIST_FILE = YES;
				INFOPLIST_FILE = PulseLive/Info.plist;
				INFOPLIST_KEY_UIApplicationSupportsIndirectInputEvents = YES;
				INFOPLIST_KEY_UILaunchStoryboardName = LaunchScreen;
				INFOPLIST_KEY_UIMainStoryboardFile = Main;
				INFOPLIST_KEY_UISupportedInterfaceOrientations_iPad = "UIInterfaceOrientationPortrait UIInterfaceOrientationPortraitUpsideDown UIInterfaceOrientationLandscapeLeft UIInterfaceOrientationLandscapeRight";
				INFOPLIST_KEY_UISupportedInterfaceOrientations_iPhone = "UIInterfaceOrientationPortrait UIInterfaceOrientationLandscapeLeft UIInterfaceOrientationLandscapeRight";
				LD_RUNPATH_SEARCH_PATHS = (
					"$(inherited)",
					"@executable_path/Frameworks",
				);
				MARKETING_VERSION = 1.0;
				PRODUCT_BUNDLE_IDENTIFIER = com.apabbott.PulseLive;
				PRODUCT_NAME = "$(TARGET_NAME)";
				SWIFT_EMIT_LOC_STRINGS = YES;
				SWIFT_VERSION = 5.0;
				TARGETED_DEVICE_FAMILY = "1,2";
			};
			name = Release;
		};
		3374B59829FBCC0200B45B3B /* Debug */ = {
			isa = XCBuildConfiguration;
			buildSettings = {
				ALWAYS_EMBED_SWIFT_STANDARD_LIBRARIES = YES;
				BUNDLE_LOADER = "$(TEST_HOST)";
				CODE_SIGN_STYLE = Automatic;
				CURRENT_PROJECT_VERSION = 1;
				DEVELOPMENT_TEAM = 2F4C5Q99XV;
				GENERATE_INFOPLIST_FILE = YES;
				IPHONEOS_DEPLOYMENT_TARGET = 16.4;
				MARKETING_VERSION = 1.0;
				PRODUCT_BUNDLE_IDENTIFIER = com.apabbott.PulseLiveTests;
				PRODUCT_NAME = "$(TARGET_NAME)";
				SWIFT_EMIT_LOC_STRINGS = NO;
				SWIFT_VERSION = 5.0;
				TARGETED_DEVICE_FAMILY = "1,2";
				TEST_HOST = "$(BUILT_PRODUCTS_DIR)/PulseLive.app/$(BUNDLE_EXECUTABLE_FOLDER_PATH)/PulseLive";
			};
			name = Debug;
		};
		3374B59929FBCC0200B45B3B /* Release */ = {
			isa = XCBuildConfiguration;
			buildSettings = {
				ALWAYS_EMBED_SWIFT_STANDARD_LIBRARIES = YES;
				BUNDLE_LOADER = "$(TEST_HOST)";
				CODE_SIGN_STYLE = Automatic;
				CURRENT_PROJECT_VERSION = 1;
				DEVELOPMENT_TEAM = 2F4C5Q99XV;
				GENERATE_INFOPLIST_FILE = YES;
				IPHONEOS_DEPLOYMENT_TARGET = 16.4;
				MARKETING_VERSION = 1.0;
				PRODUCT_BUNDLE_IDENTIFIER = com.apabbott.PulseLiveTests;
				PRODUCT_NAME = "$(TARGET_NAME)";
				SWIFT_EMIT_LOC_STRINGS = NO;
				SWIFT_VERSION = 5.0;
				TARGETED_DEVICE_FAMILY = "1,2";
				TEST_HOST = "$(BUILT_PRODUCTS_DIR)/PulseLive.app/$(BUNDLE_EXECUTABLE_FOLDER_PATH)/PulseLive";
			};
			name = Release;
		};
		3374B59B29FBCC0200B45B3B /* Debug */ = {
			isa = XCBuildConfiguration;
			buildSettings = {
				ALWAYS_EMBED_SWIFT_STANDARD_LIBRARIES = YES;
				CODE_SIGN_STYLE = Automatic;
				CURRENT_PROJECT_VERSION = 1;
				DEVELOPMENT_TEAM = 2F4C5Q99XV;
				GENERATE_INFOPLIST_FILE = YES;
				MARKETING_VERSION = 1.0;
				PRODUCT_BUNDLE_IDENTIFIER = com.apabbott.PulseLiveUITests;
				PRODUCT_NAME = "$(TARGET_NAME)";
				SWIFT_EMIT_LOC_STRINGS = NO;
				SWIFT_VERSION = 5.0;
				TARGETED_DEVICE_FAMILY = "1,2";
				TEST_TARGET_NAME = PulseLive;
			};
			name = Debug;
		};
		3374B59C29FBCC0200B45B3B /* Release */ = {
			isa = XCBuildConfiguration;
			buildSettings = {
				ALWAYS_EMBED_SWIFT_STANDARD_LIBRARIES = YES;
				CODE_SIGN_STYLE = Automatic;
				CURRENT_PROJECT_VERSION = 1;
				DEVELOPMENT_TEAM = 2F4C5Q99XV;
				GENERATE_INFOPLIST_FILE = YES;
				MARKETING_VERSION = 1.0;
				PRODUCT_BUNDLE_IDENTIFIER = com.apabbott.PulseLiveUITests;
				PRODUCT_NAME = "$(TARGET_NAME)";
				SWIFT_EMIT_LOC_STRINGS = NO;
				SWIFT_VERSION = 5.0;
				TARGETED_DEVICE_FAMILY = "1,2";
				TEST_TARGET_NAME = PulseLive;
			};
			name = Release;
		};
/* End XCBuildConfiguration section */

/* Begin XCConfigurationList section */
		3374B56529FBCC0100B45B3B /* Build configuration list for PBXProject "PulseLive" */ = {
			isa = XCConfigurationList;
			buildConfigurations = (
				3374B59229FBCC0200B45B3B /* Debug */,
				3374B59329FBCC0200B45B3B /* Release */,
			);
			defaultConfigurationIsVisible = 0;
			defaultConfigurationName = Release;
		};
		3374B59429FBCC0200B45B3B /* Build configuration list for PBXNativeTarget "PulseLive" */ = {
			isa = XCConfigurationList;
			buildConfigurations = (
				3374B59529FBCC0200B45B3B /* Debug */,
				3374B59629FBCC0200B45B3B /* Release */,
			);
			defaultConfigurationIsVisible = 0;
			defaultConfigurationName = Release;
		};
		3374B59729FBCC0200B45B3B /* Build configuration list for PBXNativeTarget "PulseLiveTests" */ = {
			isa = XCConfigurationList;
			buildConfigurations = (
				3374B59829FBCC0200B45B3B /* Debug */,
				3374B59929FBCC0200B45B3B /* Release */,
			);
			defaultConfigurationIsVisible = 0;
			defaultConfigurationName = Release;
		};
		3374B59A29FBCC0200B45B3B /* Build configuration list for PBXNativeTarget "PulseLiveUITests" */ = {
			isa = XCConfigurationList;
			buildConfigurations = (
				3374B59B29FBCC0200B45B3B /* Debug */,
				3374B59C29FBCC0200B45B3B /* Release */,
			);
			defaultConfigurationIsVisible = 0;
			defaultConfigurationName = Release;
		};
/* End XCConfigurationList section */
	};
	rootObject = 3374B56229FBCC0100B45B3B /* Project object */;
}
